
Microsoft Visual Studio Solution File, Format Version 12.00
# Visual Studio Version 17
VisualStudioVersion = 17.5.002.0
MinimumVisualStudioVersion = 10.0.40219.1
Project("{9A19103F-16F7-4668-BE54-9A1E7A4F7556}") = "template", "template.csproj", "{BAA330EA-7A56-4210-853B-10CDAEE50ED7}"
EndProject
Global
	GlobalSection(SolutionConfigurationPlatforms) = preSolution
		Debug|Any CPU = Debug|Any CPU
		Release|Any CPU = Release|Any CPU
	EndGlobalSection
	GlobalSection(ProjectConfigurationPlatforms) = postSolution
		{BAA330EA-7A56-4210-853B-10CDAEE50ED7}.Debug|Any CPU.ActiveCfg = Debug|Any CPU
		{BAA330EA-7A56-4210-853B-10CDAEE50ED7}.Debug|Any CPU.Build.0 = Debug|Any CPU
		{BAA330EA-7A56-4210-853B-10CDAEE50ED7}.Release|Any CPU.ActiveCfg = Release|Any CPU
		{BAA330EA-7A56-4210-853B-10CDAEE50ED7}.Release|Any CPU.Build.0 = Release|Any CPU
	EndGlobalSection
	GlobalSection(SolutionProperties) = preSolution
		HideSolutionNode = FALSE
	EndGlobalSection
	GlobalSection(ExtensibilityGlobals) = postSolution
		SolutionGuid = {388C7F54-E831-40BD-B4BF-2F1E0DFF6743}
	EndGlobalSection
EndGlobal
